
Microsoft Visual Studio Solution File, Format Version 12.00
# Visual Studio 15
VisualStudioVersion = 15.0.28307.136
MinimumVisualStudioVersion = 10.0.40219.1
Project("{FAE04EC0-301F-11D3-BF4B-00C04F79EFBC}") = "Core", "Core\Core.csproj", "{CA9EFBA3-DC44-4B91-93A1-2AC621734909}"
EndProject
Project("{FAE04EC0-301F-11D3-BF4B-00C04F79EFBC}") = "Core.UnitTests", "Core.UnitTests\Core.UnitTests.csproj", "{3033C892-A5BC-4334-AD61-B94CC7C6CB48}"
EndProject
Global
	GlobalSection(SolutionConfigurationPlatforms) = preSolution
		Debug|Any CPU = Debug|Any CPU
		Release|Any CPU = Release|Any CPU
	EndGlobalSection
	GlobalSection(ProjectConfigurationPlatforms) = postSolution
		{CA9EFBA3-DC44-4B91-93A1-2AC621734909}.Debug|Any CPU.ActiveCfg = Debug|Any CPU
		{CA9EFBA3-DC44-4B91-93A1-2AC621734909}.Debug|Any CPU.Build.0 = Debug|Any CPU
		{CA9EFBA3-DC44-4B91-93A1-2AC621734909}.Release|Any CPU.ActiveCfg = Release|Any CPU
		{CA9EFBA3-DC44-4B91-93A1-2AC621734909}.Release|Any CPU.Build.0 = Release|Any CPU
		{3033C892-A5BC-4334-AD61-B94CC7C6CB48}.Debug|Any CPU.ActiveCfg = Debug|Any CPU
		{3033C892-A5BC-4334-AD61-B94CC7C6CB48}.Debug|Any CPU.Build.0 = Debug|Any CPU
		{3033C892-A5BC-4334-AD61-B94CC7C6CB48}.Release|Any CPU.ActiveCfg = Release|Any CPU
		{3033C892-A5BC-4334-AD61-B94CC7C6CB48}.Release|Any CPU.Build.0 = Release|Any CPU
	EndGlobalSection
	GlobalSection(SolutionProperties) = preSolution
		HideSolutionNode = FALSE
	EndGlobalSection
	GlobalSection(ExtensibilityGlobals) = postSolution
		SolutionGuid = {444D5EED-3051-4BDB-9BA3-B10C2F82A7A2}
	EndGlobalSection
EndGlobal
